
Microsoft Visual Studio Solution File, Format Version 12.00
# Visual Studio Version 17
VisualStudioVersion = 17.2.32630.192
MinimumVisualStudioVersion = 10.0.40219.1
Project("{FAE04EC0-301F-11D3-BF4B-00C04F79EFBC}") = "PizzaCost", "PizzaCost\PizzaCost.csproj", "{A61819AD-7BDC-43B9-A0AF-BB475D6341F3}"
EndProject
Global
	GlobalSection(SolutionConfigurationPlatforms) = preSolution
		Debug|Any CPU = Debug|Any CPU
		Release|Any CPU = Release|Any CPU
	EndGlobalSection
	GlobalSection(ProjectConfigurationPlatforms) = postSolution
		{A61819AD-7BDC-43B9-A0AF-BB475D6341F3}.Debug|Any CPU.ActiveCfg = Debug|Any CPU
		{A61819AD-7BDC-43B9-A0AF-BB475D6341F3}.Debug|Any CPU.Build.0 = Debug|Any CPU
		{A61819AD-7BDC-43B9-A0AF-BB475D6341F3}.Release|Any CPU.ActiveCfg = Release|Any CPU
		{A61819AD-7BDC-43B9-A0AF-BB475D6341F3}.Release|Any CPU.Build.0 = Release|Any CPU
	EndGlobalSection
	GlobalSection(SolutionProperties) = preSolution
		HideSolutionNode = FALSE
	EndGlobalSection
	GlobalSection(ExtensibilityGlobals) = postSolution
		SolutionGuid = {BCFFA65E-AD86-4698-8ED9-4961A037AAA7}
	EndGlobalSection
EndGlobal
